// !$*UTF8*$!
{
	archiveVersion = 1;
	classes = {
	};
	objectVersion = 56;
	objects = {

/* Begin PBXBuildFile section */
		1E1BC6062C4650AA00C25EEC /* WACircularButton.swift in Sources */ = {isa = PBXBuildFile; fileRef = 1E1BC6052C4650AA00C25EEC /* WACircularButton.swift */; };
		1E1BC60A2C47DAF900C25EEC /* GifToImage.swift in Sources */ = {isa = PBXBuildFile; fileRef = 1E1BC6092C47DAF900C25EEC /* GifToImage.swift */; };
		1E1BC6242C47EBB400C25EEC /* fewClouds.gif in Resources */ = {isa = PBXBuildFile; fileRef = 1E1BC61E2C47EBB300C25EEC /* fewClouds.gif */; };
		1E1BC6252C47EBB400C25EEC /* mist.gif in Resources */ = {isa = PBXBuildFile; fileRef = 1E1BC61F2C47EBB400C25EEC /* mist.gif */; };
		1E1BC6262C47EBB400C25EEC /* snow.gif in Resources */ = {isa = PBXBuildFile; fileRef = 1E1BC6202C47EBB400C25EEC /* snow.gif */; };
		1E1BC6272C47EBB400C25EEC /* clearSky.gif in Resources */ = {isa = PBXBuildFile; fileRef = 1E1BC6212C47EBB400C25EEC /* clearSky.gif */; };
		1E1BC6282C47EBB400C25EEC /* thunderstorm.gif in Resources */ = {isa = PBXBuildFile; fileRef = 1E1BC6222C47EBB400C25EEC /* thunderstorm.gif */; };
		1E1BC6292C47EBB400C25EEC /* rainy.gif in Resources */ = {isa = PBXBuildFile; fileRef = 1E1BC6232C47EBB400C25EEC /* rainy.gif */; };
		1E1BC6352C4A686A00C25EEC /* DailyWeatherScreenVC.swift in Sources */ = {isa = PBXBuildFile; fileRef = 1E1BC6342C4A686A00C25EEC /* DailyWeatherScreenVC.swift */; };
		1E330FE12C4E4137009864BD /* WeatherScreenVM.swift in Sources */ = {isa = PBXBuildFile; fileRef = 1E330FE02C4E4137009864BD /* WeatherScreenVM.swift */; };
		1E330FE72C4E867D009864BD /* DailyWeatherScreenVM.swift in Sources */ = {isa = PBXBuildFile; fileRef = 1E330FE62C4E867D009864BD /* DailyWeatherScreenVM.swift */; };
		1E47F9242C4F95710077A0DF /* WSTableViewUtilities.swift in Sources */ = {isa = PBXBuildFile; fileRef = 1E47F9232C4F95710077A0DF /* WSTableViewUtilities.swift */; };
		1E47F9262C4F957E0077A0DF /* WSCollectionViewUtilities.swift in Sources */ = {isa = PBXBuildFile; fileRef = 1E47F9252C4F957E0077A0DF /* WSCollectionViewUtilities.swift */; };
		1E47F9282C4F95AE0077A0DF /* FTableViewUtilities.swift in Sources */ = {isa = PBXBuildFile; fileRef = 1E47F9272C4F95AE0077A0DF /* FTableViewUtilities.swift */; };
		1E47F92F2C528F600077A0DF /* Lottie in Frameworks */ = {isa = PBXBuildFile; productRef = 1E47F92E2C528F600077A0DF /* Lottie */; };
		1E47F9342C5292D90077A0DF /* wi.json in Resources */ = {isa = PBXBuildFile; fileRef = 1E47F9332C5292D90077A0DF /* wi.json */; };
		1E47F93C2C52986B0077A0DF /* favorite.json in Resources */ = {isa = PBXBuildFile; fileRef = 1E47F93B2C52986A0077A0DF /* favorite.json */; };
		1E47F9602C576B190077A0DF /* FTableViewCell.swift in Sources */ = {isa = PBXBuildFile; fileRef = 1E47F95F2C576B190077A0DF /* FTableViewCell.swift */; };
		1E99F3342C6A49C100E1B6D0 /* Alamofire in Frameworks */ = {isa = PBXBuildFile; productRef = 1E99F3332C6A49C100E1B6D0 /* Alamofire */; };
		1EA4F5AC2C42C4AF00509FFE /* City.swift in Sources */ = {isa = PBXBuildFile; fileRef = 1EA4F5AB2C42C4AF00509FFE /* City.swift */; };
		1EB43CB92C3D52CD0008E9C5 /* AppDelegate.swift in Sources */ = {isa = PBXBuildFile; fileRef = 1EB43CB82C3D52CD0008E9C5 /* AppDelegate.swift */; };
		1EB43CBB2C3D52CD0008E9C5 /* SceneDelegate.swift in Sources */ = {isa = PBXBuildFile; fileRef = 1EB43CBA2C3D52CD0008E9C5 /* SceneDelegate.swift */; };
		1EB43CBD2C3D52CD0008E9C5 /* LoginScreenVC.swift in Sources */ = {isa = PBXBuildFile; fileRef = 1EB43CBC2C3D52CD0008E9C5 /* LoginScreenVC.swift */; };
		1EB43CC22C3D52CF0008E9C5 /* Assets.xcassets in Resources */ = {isa = PBXBuildFile; fileRef = 1EB43CC12C3D52CF0008E9C5 /* Assets.xcassets */; };
		1EB43CC52C3D52CF0008E9C5 /* LaunchScreen.storyboard in Resources */ = {isa = PBXBuildFile; fileRef = 1EB43CC32C3D52CF0008E9C5 /* LaunchScreen.storyboard */; };
		1EB43CCE2C3D6D040008E9C5 /* WAButton.swift in Sources */ = {isa = PBXBuildFile; fileRef = 1EB43CCD2C3D6D040008E9C5 /* WAButton.swift */; };
		1EB43CD02C3D6D120008E9C5 /* WATextField.swift in Sources */ = {isa = PBXBuildFile; fileRef = 1EB43CCF2C3D6D120008E9C5 /* WATextField.swift */; };
		1EB43CDD2C3D7D1D0008E9C5 /* NetworkManager.swift in Sources */ = {isa = PBXBuildFile; fileRef = 1EB43CDC2C3D7D1D0008E9C5 /* NetworkManager.swift */; };
		1EB43CDF2C3D823A0008E9C5 /* Weather.swift in Sources */ = {isa = PBXBuildFile; fileRef = 1EB43CDE2C3D823A0008E9C5 /* Weather.swift */; };
		1EB43CE22C3D82DC0008E9C5 /* ErrorMessage.swift in Sources */ = {isa = PBXBuildFile; fileRef = 1EB43CE12C3D82DC0008E9C5 /* ErrorMessage.swift */; };
		1EB43CE42C3D842E0008E9C5 /* WeatherScreenVC.swift in Sources */ = {isa = PBXBuildFile; fileRef = 1EB43CE32C3D842E0008E9C5 /* WeatherScreenVC.swift */; };
		1EB43CE72C3E73090008E9C5 /* WALabel.swift in Sources */ = {isa = PBXBuildFile; fileRef = 1EB43CE62C3E73090008E9C5 /* WALabel.swift */; };
		1EB43CEA2C3EA2F80008E9C5 /* WSTableViewCell.swift in Sources */ = {isa = PBXBuildFile; fileRef = 1EB43CE92C3EA2F80008E9C5 /* WSTableViewCell.swift */; };
		1ED980002C3EBAD9001FA5FC /* FavoritesVC.swift in Sources */ = {isa = PBXBuildFile; fileRef = 1ED97FFF2C3EBAD9001FA5FC /* FavoritesVC.swift */; };
		1ED980052C3FED9A001FA5FC /* WSCollectionViewCell.swift in Sources */ = {isa = PBXBuildFile; fileRef = 1ED980042C3FED9A001FA5FC /* WSCollectionViewCell.swift */; };
		1ED9800D2C4081C0001FA5FC /* SearchVC.swift in Sources */ = {isa = PBXBuildFile; fileRef = 1ED9800C2C4081C0001FA5FC /* SearchVC.swift */; };
		1EEBC5E02C4113B7009E697D /* WASearchTextField.swift in Sources */ = {isa = PBXBuildFile; fileRef = 1EEBC5DF2C4113B7009E697D /* WASearchTextField.swift */; };
/* End PBXBuildFile section */

/* Begin PBXFileReference section */
		1E1BC6052C4650AA00C25EEC /* WACircularButton.swift */ = {isa = PBXFileReference; lastKnownFileType = sourcecode.swift; path = WACircularButton.swift; sourceTree = "<group>"; };
		1E1BC6092C47DAF900C25EEC /* GifToImage.swift */ = {isa = PBXFileReference; lastKnownFileType = sourcecode.swift; path = GifToImage.swift; sourceTree = "<group>"; };
		1E1BC61E2C47EBB300C25EEC /* fewClouds.gif */ = {isa = PBXFileReference; lastKnownFileType = image.gif; path = fewClouds.gif; sourceTree = "<group>"; };
		1E1BC61F2C47EBB400C25EEC /* mist.gif */ = {isa = PBXFileReference; lastKnownFileType = image.gif; path = mist.gif; sourceTree = "<group>"; };
		1E1BC6202C47EBB400C25EEC /* snow.gif */ = {isa = PBXFileReference; lastKnownFileType = image.gif; path = snow.gif; sourceTree = "<group>"; };
		1E1BC6212C47EBB400C25EEC /* clearSky.gif */ = {isa = PBXFileReference; lastKnownFileType = image.gif; path = clearSky.gif; sourceTree = "<group>"; };
		1E1BC6222C47EBB400C25EEC /* thunderstorm.gif */ = {isa = PBXFileReference; lastKnownFileType = image.gif; path = thunderstorm.gif; sourceTree = "<group>"; };
		1E1BC6232C47EBB400C25EEC /* rainy.gif */ = {isa = PBXFileReference; lastKnownFileType = image.gif; path = rainy.gif; sourceTree = "<group>"; };
		1E1BC6342C4A686A00C25EEC /* DailyWeatherScreenVC.swift */ = {isa = PBXFileReference; lastKnownFileType = sourcecode.swift; path = DailyWeatherScreenVC.swift; sourceTree = "<group>"; };
		1E330FE02C4E4137009864BD /* WeatherScreenVM.swift */ = {isa = PBXFileReference; lastKnownFileType = sourcecode.swift; path = WeatherScreenVM.swift; sourceTree = "<group>"; };
		1E330FE62C4E867D009864BD /* DailyWeatherScreenVM.swift */ = {isa = PBXFileReference; lastKnownFileType = sourcecode.swift; path = DailyWeatherScreenVM.swift; sourceTree = "<group>"; };
		1E47F9232C4F95710077A0DF /* WSTableViewUtilities.swift */ = {isa = PBXFileReference; lastKnownFileType = sourcecode.swift; path = WSTableViewUtilities.swift; sourceTree = "<group>"; };
		1E47F9252C4F957E0077A0DF /* WSCollectionViewUtilities.swift */ = {isa = PBXFileReference; lastKnownFileType = sourcecode.swift; path = WSCollectionViewUtilities.swift; sourceTree = "<group>"; };
		1E47F9272C4F95AE0077A0DF /* FTableViewUtilities.swift */ = {isa = PBXFileReference; lastKnownFileType = sourcecode.swift; path = FTableViewUtilities.swift; sourceTree = "<group>"; };
		1E47F9332C5292D90077A0DF /* wi.json */ = {isa = PBXFileReference; fileEncoding = 4; lastKnownFileType = text.json; path = wi.json; sourceTree = "<group>"; };
		1E47F93B2C52986A0077A0DF /* favorite.json */ = {isa = PBXFileReference; fileEncoding = 4; lastKnownFileType = text.json; path = favorite.json; sourceTree = "<group>"; };
		1E47F95F2C576B190077A0DF /* FTableViewCell.swift */ = {isa = PBXFileReference; lastKnownFileType = sourcecode.swift; path = FTableViewCell.swift; sourceTree = "<group>"; };
		1EA4F5AB2C42C4AF00509FFE /* City.swift */ = {isa = PBXFileReference; lastKnownFileType = sourcecode.swift; path = City.swift; sourceTree = "<group>"; };
		1EB43CB52C3D52CD0008E9C5 /* WeatherApp.app */ = {isa = PBXFileReference; explicitFileType = wrapper.application; includeInIndex = 0; path = WeatherApp.app; sourceTree = BUILT_PRODUCTS_DIR; };
		1EB43CB82C3D52CD0008E9C5 /* AppDelegate.swift */ = {isa = PBXFileReference; lastKnownFileType = sourcecode.swift; path = AppDelegate.swift; sourceTree = "<group>"; };
		1EB43CBA2C3D52CD0008E9C5 /* SceneDelegate.swift */ = {isa = PBXFileReference; lastKnownFileType = sourcecode.swift; path = SceneDelegate.swift; sourceTree = "<group>"; };
		1EB43CBC2C3D52CD0008E9C5 /* LoginScreenVC.swift */ = {isa = PBXFileReference; lastKnownFileType = sourcecode.swift; path = LoginScreenVC.swift; sourceTree = "<group>"; };
		1EB43CC12C3D52CF0008E9C5 /* Assets.xcassets */ = {isa = PBXFileReference; lastKnownFileType = folder.assetcatalog; path = Assets.xcassets; sourceTree = "<group>"; };
		1EB43CC42C3D52CF0008E9C5 /* Base */ = {isa = PBXFileReference; lastKnownFileType = file.storyboard; name = Base; path = Base.lproj/LaunchScreen.storyboard; sourceTree = "<group>"; };
		1EB43CC62C3D52CF0008E9C5 /* Info.plist */ = {isa = PBXFileReference; lastKnownFileType = text.plist.xml; path = Info.plist; sourceTree = "<group>"; };
		1EB43CCD2C3D6D040008E9C5 /* WAButton.swift */ = {isa = PBXFileReference; lastKnownFileType = sourcecode.swift; path = WAButton.swift; sourceTree = "<group>"; };
		1EB43CCF2C3D6D120008E9C5 /* WATextField.swift */ = {isa = PBXFileReference; lastKnownFileType = sourcecode.swift; path = WATextField.swift; sourceTree = "<group>"; };
		1EB43CDC2C3D7D1D0008E9C5 /* NetworkManager.swift */ = {isa = PBXFileReference; lastKnownFileType = sourcecode.swift; path = NetworkManager.swift; sourceTree = "<group>"; };
		1EB43CDE2C3D823A0008E9C5 /* Weather.swift */ = {isa = PBXFileReference; lastKnownFileType = sourcecode.swift; path = Weather.swift; sourceTree = "<group>"; };
		1EB43CE12C3D82DC0008E9C5 /* ErrorMessage.swift */ = {isa = PBXFileReference; lastKnownFileType = sourcecode.swift; path = ErrorMessage.swift; sourceTree = "<group>"; };
		1EB43CE32C3D842E0008E9C5 /* WeatherScreenVC.swift */ = {isa = PBXFileReference; lastKnownFileType = sourcecode.swift; path = WeatherScreenVC.swift; sourceTree = "<group>"; };
		1EB43CE62C3E73090008E9C5 /* WALabel.swift */ = {isa = PBXFileReference; lastKnownFileType = sourcecode.swift; path = WALabel.swift; sourceTree = "<group>"; };
		1EB43CE92C3EA2F80008E9C5 /* WSTableViewCell.swift */ = {isa = PBXFileReference; lastKnownFileType = sourcecode.swift; path = WSTableViewCell.swift; sourceTree = "<group>"; };
		1ED97FFF2C3EBAD9001FA5FC /* FavoritesVC.swift */ = {isa = PBXFileReference; lastKnownFileType = sourcecode.swift; path = FavoritesVC.swift; sourceTree = "<group>"; };
		1ED980042C3FED9A001FA5FC /* WSCollectionViewCell.swift */ = {isa = PBXFileReference; lastKnownFileType = sourcecode.swift; path = WSCollectionViewCell.swift; sourceTree = "<group>"; };
		1ED9800C2C4081C0001FA5FC /* SearchVC.swift */ = {isa = PBXFileReference; lastKnownFileType = sourcecode.swift; path = SearchVC.swift; sourceTree = "<group>"; };
		1EEBC5DF2C4113B7009E697D /* WASearchTextField.swift */ = {isa = PBXFileReference; lastKnownFileType = sourcecode.swift; path = WASearchTextField.swift; sourceTree = "<group>"; };
/* End PBXFileReference section */

/* Begin PBXFrameworksBuildPhase section */
		1EB43CB22C3D52CD0008E9C5 /* Frameworks */ = {
			isa = PBXFrameworksBuildPhase;
			buildActionMask = 2147483647;
			files = (
				1E47F92F2C528F600077A0DF /* Lottie in Frameworks */,
				1E99F3342C6A49C100E1B6D0 /* Alamofire in Frameworks */,
			);
			runOnlyForDeploymentPostprocessing = 0;
		};
/* End PBXFrameworksBuildPhase section */

/* Begin PBXGroup section */
		1E1BC6132C47E5A300C25EEC /* GIF */ = {
			isa = PBXGroup;
			children = (
				1E1BC6212C47EBB400C25EEC /* clearSky.gif */,
				1E1BC61E2C47EBB300C25EEC /* fewClouds.gif */,
				1E1BC61F2C47EBB400C25EEC /* mist.gif */,
				1E1BC6232C47EBB400C25EEC /* rainy.gif */,
				1E1BC6202C47EBB400C25EEC /* snow.gif */,
				1E1BC6222C47EBB400C25EEC /* thunderstorm.gif */,
			);
			path = GIF;
			sourceTree = "<group>";
		};
		1E330FDF2C4E4120009864BD /* ViewModel */ = {
			isa = PBXGroup;
			children = (
				1E330FE02C4E4137009864BD /* WeatherScreenVM.swift */,
				1E330FE62C4E867D009864BD /* DailyWeatherScreenVM.swift */,
			);
			path = ViewModel;
			sourceTree = "<group>";
		};
		1E47F9302C5290F30077A0DF /* Animations */ = {
			isa = PBXGroup;
			children = (
				1E47F93B2C52986A0077A0DF /* favorite.json */,
				1E47F9332C5292D90077A0DF /* wi.json */,
			);
			path = Animations;
			sourceTree = "<group>";
		};
		1EB43CAC2C3D52CD0008E9C5 = {
			isa = PBXGroup;
			children = (
				1EB43CB72C3D52CD0008E9C5 /* WeatherApp */,
				1EB43CB62C3D52CD0008E9C5 /* Products */,
			);
			sourceTree = "<group>";
		};
		1EB43CB62C3D52CD0008E9C5 /* Products */ = {
			isa = PBXGroup;
			children = (
				1EB43CB52C3D52CD0008E9C5 /* WeatherApp.app */,
			);
			name = Products;
			sourceTree = "<group>";
		};
		1EB43CB72C3D52CD0008E9C5 /* WeatherApp */ = {
			isa = PBXGroup;
			children = (
				1E47F9302C5290F30077A0DF /* Animations */,
				1EB43CCC2C3D6CEC0008E9C5 /* Custom Views */,
				1E1BC6132C47E5A300C25EEC /* GIF */,
				1E1BC6092C47DAF900C25EEC /* GifToImage.swift */,
				1EB43CC62C3D52CF0008E9C5 /* Info.plist */,
				1EB43CDB2C3D7D0C0008E9C5 /* Managers */,
				1EB43CE52C3E5F420008E9C5 /* Models */,
				1EB43CD52C3D6ECC0008E9C5 /* Supporting */,
				1EB43CD62C3D74060008E9C5 /* Utilities */,
				1E330FDF2C4E4120009864BD /* ViewModel */,
				1EB43CD42C3D6EB30008E9C5 /* Views */,
			);
			path = WeatherApp;
			sourceTree = "<group>";
		};
		1EB43CCC2C3D6CEC0008E9C5 /* Custom Views */ = {
			isa = PBXGroup;
			children = (
				1EB43CE82C3EA2D60008E9C5 /* Cells */,
				1EB43CCD2C3D6D040008E9C5 /* WAButton.swift */,
				1EB43CE62C3E73090008E9C5 /* WALabel.swift */,
				1E1BC6052C4650AA00C25EEC /* WACircularButton.swift */,
				1EEBC5DF2C4113B7009E697D /* WASearchTextField.swift */,
				1EB43CCF2C3D6D120008E9C5 /* WATextField.swift */,
			);
			path = "Custom Views";
			sourceTree = "<group>";
		};
		1EB43CD42C3D6EB30008E9C5 /* Views */ = {
			isa = PBXGroup;
			children = (
				1EB43CBC2C3D52CD0008E9C5 /* LoginScreenVC.swift */,
				1EB43CE32C3D842E0008E9C5 /* WeatherScreenVC.swift */,
				1ED97FFF2C3EBAD9001FA5FC /* FavoritesVC.swift */,
				1ED9800C2C4081C0001FA5FC /* SearchVC.swift */,
				1E1BC6342C4A686A00C25EEC /* DailyWeatherScreenVC.swift */,
			);
			path = Views;
			sourceTree = "<group>";
		};
		1EB43CD52C3D6ECC0008E9C5 /* Supporting */ = {
			isa = PBXGroup;
			children = (
				1EB43CB82C3D52CD0008E9C5 /* AppDelegate.swift */,
				1EB43CBA2C3D52CD0008E9C5 /* SceneDelegate.swift */,
				1EB43CC12C3D52CF0008E9C5 /* Assets.xcassets */,
				1EB43CC32C3D52CF0008E9C5 /* LaunchScreen.storyboard */,
			);
			path = Supporting;
			sourceTree = "<group>";
		};
		1EB43CD62C3D74060008E9C5 /* Utilities */ = {
			isa = PBXGroup;
			children = (
				1EB43CE12C3D82DC0008E9C5 /* ErrorMessage.swift */,
				1E47F9232C4F95710077A0DF /* WSTableViewUtilities.swift */,
				1E47F9252C4F957E0077A0DF /* WSCollectionViewUtilities.swift */,
				1E47F9272C4F95AE0077A0DF /* FTableViewUtilities.swift */,
			);
			path = Utilities;
			sourceTree = "<group>";
		};
		1EB43CDB2C3D7D0C0008E9C5 /* Managers */ = {
			isa = PBXGroup;
			children = (
				1EB43CDC2C3D7D1D0008E9C5 /* NetworkManager.swift */,
			);
			path = Managers;
			sourceTree = "<group>";
		};
		1EB43CE52C3E5F420008E9C5 /* Models */ = {
			isa = PBXGroup;
			children = (
				1EB43CDE2C3D823A0008E9C5 /* Weather.swift */,
				1EA4F5AB2C42C4AF00509FFE /* City.swift */,
			);
			path = Models;
			sourceTree = "<group>";
		};
		1EB43CE82C3EA2D60008E9C5 /* Cells */ = {
			isa = PBXGroup;
			children = (
				1EB43CE92C3EA2F80008E9C5 /* WSTableViewCell.swift */,
				1ED980042C3FED9A001FA5FC /* WSCollectionViewCell.swift */,
				1E47F95F2C576B190077A0DF /* FTableViewCell.swift */,
			);
			path = Cells;
			sourceTree = "<group>";
		};
/* End PBXGroup section */

/* Begin PBXNativeTarget section */
		1EB43CB42C3D52CD0008E9C5 /* WeatherApp */ = {
			isa = PBXNativeTarget;
			buildConfigurationList = 1EB43CC92C3D52CF0008E9C5 /* Build configuration list for PBXNativeTarget "WeatherApp" */;
			buildPhases = (
				1EB43CB12C3D52CD0008E9C5 /* Sources */,
				1EB43CB22C3D52CD0008E9C5 /* Frameworks */,
				1EB43CB32C3D52CD0008E9C5 /* Resources */,
			);
			buildRules = (
			);
			dependencies = (
			);
			name = WeatherApp;
			packageProductDependencies = (
				1E47F92E2C528F600077A0DF /* Lottie */,
				1E99F3332C6A49C100E1B6D0 /* Alamofire */,
			);
			productName = WeatherApp;
			productReference = 1EB43CB52C3D52CD0008E9C5 /* WeatherApp.app */;
			productType = "com.apple.product-type.application";
		};
/* End PBXNativeTarget section */

/* Begin PBXProject section */
		1EB43CAD2C3D52CD0008E9C5 /* Project object */ = {
			isa = PBXProject;
			attributes = {
				BuildIndependentTargetsInParallel = 1;
				LastSwiftUpdateCheck = 1520;
				LastUpgradeCheck = 1520;
				TargetAttributes = {
					1EB43CB42C3D52CD0008E9C5 = {
						CreatedOnToolsVersion = 15.2;
					};
				};
			};
			buildConfigurationList = 1EB43CB02C3D52CD0008E9C5 /* Build configuration list for PBXProject "WeatherApp" */;
			compatibilityVersion = "Xcode 14.0";
			developmentRegion = en;
			hasScannedForEncodings = 0;
			knownRegions = (
				en,
				Base,
			);
			mainGroup = 1EB43CAC2C3D52CD0008E9C5;
			packageReferences = (
				1E47F92D2C528F600077A0DF /* XCRemoteSwiftPackageReference "lottie-ios" */,
				1E99F3322C6A49C000E1B6D0 /* XCRemoteSwiftPackageReference "Alamofire" */,
			);
			productRefGroup = 1EB43CB62C3D52CD0008E9C5 /* Products */;
			projectDirPath = "";
			projectRoot = "";
			targets = (
				1EB43CB42C3D52CD0008E9C5 /* WeatherApp */,
			);
		};
/* End PBXProject section */

/* Begin PBXResourcesBuildPhase section */
		1EB43CB32C3D52CD0008E9C5 /* Resources */ = {
			isa = PBXResourcesBuildPhase;
			buildActionMask = 2147483647;
			files = (
				1E1BC6292C47EBB400C25EEC /* rainy.gif in Resources */,
				1EB43CC52C3D52CF0008E9C5 /* LaunchScreen.storyboard in Resources */,
				1E1BC6252C47EBB400C25EEC /* mist.gif in Resources */,
				1E47F93C2C52986B0077A0DF /* favorite.json in Resources */,
				1E47F9342C5292D90077A0DF /* wi.json in Resources */,
				1E1BC6272C47EBB400C25EEC /* clearSky.gif in Resources */,
				1E1BC6282C47EBB400C25EEC /* thunderstorm.gif in Resources */,
				1E1BC6262C47EBB400C25EEC /* snow.gif in Resources */,
				1E1BC6242C47EBB400C25EEC /* fewClouds.gif in Resources */,
				1EB43CC22C3D52CF0008E9C5 /* Assets.xcassets in Resources */,
			);
			runOnlyForDeploymentPostprocessing = 0;
		};
/* End PBXResourcesBuildPhase section */

/* Begin PBXSourcesBuildPhase section */
		1EB43CB12C3D52CD0008E9C5 /* Sources */ = {
			isa = PBXSourcesBuildPhase;
			buildActionMask = 2147483647;
			files = (
				1EB43CE42C3D842E0008E9C5 /* WeatherScreenVC.swift in Sources */,
				1EB43CDD2C3D7D1D0008E9C5 /* NetworkManager.swift in Sources */,
				1E1BC6352C4A686A00C25EEC /* DailyWeatherScreenVC.swift in Sources */,
				1E330FE12C4E4137009864BD /* WeatherScreenVM.swift in Sources */,
				1ED980052C3FED9A001FA5FC /* WSCollectionViewCell.swift in Sources */,
				1E47F9242C4F95710077A0DF /* WSTableViewUtilities.swift in Sources */,
				1E1BC60A2C47DAF900C25EEC /* GifToImage.swift in Sources */,
				1ED9800D2C4081C0001FA5FC /* SearchVC.swift in Sources */,
				1E330FE72C4E867D009864BD /* DailyWeatherScreenVM.swift in Sources */,
				1EB43CD02C3D6D120008E9C5 /* WATextField.swift in Sources */,
				1EEBC5E02C4113B7009E697D /* WASearchTextField.swift in Sources */,
				1EB43CE22C3D82DC0008E9C5 /* ErrorMessage.swift in Sources */,
				1ED980002C3EBAD9001FA5FC /* FavoritesVC.swift in Sources */,
				1EB43CE72C3E73090008E9C5 /* WALabel.swift in Sources */,
				1E47F9262C4F957E0077A0DF /* WSCollectionViewUtilities.swift in Sources */,
				1EB43CBD2C3D52CD0008E9C5 /* LoginScreenVC.swift in Sources */,
				1EB43CDF2C3D823A0008E9C5 /* Weather.swift in Sources */,
				1EB43CEA2C3EA2F80008E9C5 /* WSTableViewCell.swift in Sources */,
				1EB43CCE2C3D6D040008E9C5 /* WAButton.swift in Sources */,
				1EB43CB92C3D52CD0008E9C5 /* AppDelegate.swift in Sources */,
				1EB43CBB2C3D52CD0008E9C5 /* SceneDelegate.swift in Sources */,
				1E1BC6062C4650AA00C25EEC /* WACircularButton.swift in Sources */,
				1EA4F5AC2C42C4AF00509FFE /* City.swift in Sources */,
				1E47F9282C4F95AE0077A0DF /* FTableViewUtilities.swift in Sources */,
				1E47F9602C576B190077A0DF /* FTableViewCell.swift in Sources */,
			);
			runOnlyForDeploymentPostprocessing = 0;
		};
/* End PBXSourcesBuildPhase section */

/* Begin PBXVariantGroup section */
		1EB43CC32C3D52CF0008E9C5 /* LaunchScreen.storyboard */ = {
			isa = PBXVariantGroup;
			children = (
				1EB43CC42C3D52CF0008E9C5 /* Base */,
			);
			name = LaunchScreen.storyboard;
			sourceTree = "<group>";
		};
/* End PBXVariantGroup section */

/* Begin XCBuildConfiguration section */
		1EB43CC72C3D52CF0008E9C5 /* Debug */ = {
			isa = XCBuildConfiguration;
			buildSettings = {
				ALWAYS_SEARCH_USER_PATHS = NO;
				ASSETCATALOG_COMPILER_GENERATE_SWIFT_ASSET_SYMBOL_EXTENSIONS = YES;
				CLANG_ANALYZER_NONNULL = YES;
				CLANG_ANALYZER_NUMBER_OBJECT_CONVERSION = YES_AGGRESSIVE;
				CLANG_CXX_LANGUAGE_STANDARD = "gnu++20";
				CLANG_ENABLE_MODULES = YES;
				CLANG_ENABLE_OBJC_ARC = YES;
				CLANG_ENABLE_OBJC_WEAK = YES;
				CLANG_WARN_BLOCK_CAPTURE_AUTORELEASING = YES;
				CLANG_WARN_BOOL_CONVERSION = YES;
				CLANG_WARN_COMMA = YES;
				CLANG_WARN_CONSTANT_CONVERSION = YES;
				CLANG_WARN_DEPRECATED_OBJC_IMPLEMENTATIONS = YES;
				CLANG_WARN_DIRECT_OBJC_ISA_USAGE = YES_ERROR;
				CLANG_WARN_DOCUMENTATION_COMMENTS = YES;
				CLANG_WARN_EMPTY_BODY = YES;
				CLANG_WARN_ENUM_CONVERSION = YES;
				CLANG_WARN_INFINITE_RECURSION = YES;
				CLANG_WARN_INT_CONVERSION = YES;
				CLANG_WARN_NON_LITERAL_NULL_CONVERSION = YES;
				CLANG_WARN_OBJC_IMPLICIT_RETAIN_SELF = YES;
				CLANG_WARN_OBJC_LITERAL_CONVERSION = YES;
				CLANG_WARN_OBJC_ROOT_CLASS = YES_ERROR;
				CLANG_WARN_QUOTED_INCLUDE_IN_FRAMEWORK_HEADER = YES;
				CLANG_WARN_RANGE_LOOP_ANALYSIS = YES;
				CLANG_WARN_STRICT_PROTOTYPES = YES;
				CLANG_WARN_SUSPICIOUS_MOVE = YES;
				CLANG_WARN_UNGUARDED_AVAILABILITY = YES_AGGRESSIVE;
				CLANG_WARN_UNREACHABLE_CODE = YES;
				CLANG_WARN__DUPLICATE_METHOD_MATCH = YES;
				COPY_PHASE_STRIP = NO;
				DEBUG_INFORMATION_FORMAT = dwarf;
				ENABLE_STRICT_OBJC_MSGSEND = YES;
				ENABLE_TESTABILITY = YES;
				ENABLE_USER_SCRIPT_SANDBOXING = YES;
				GCC_C_LANGUAGE_STANDARD = gnu17;
				GCC_DYNAMIC_NO_PIC = NO;
				GCC_NO_COMMON_BLOCKS = YES;
				GCC_OPTIMIZATION_LEVEL = 0;
				GCC_PREPROCESSOR_DEFINITIONS = (
					"DEBUG=1",
					"$(inherited)",
				);
				GCC_WARN_64_TO_32_BIT_CONVERSION = YES;
				GCC_WARN_ABOUT_RETURN_TYPE = YES_ERROR;
				GCC_WARN_UNDECLARED_SELECTOR = YES;
				GCC_WARN_UNINITIALIZED_AUTOS = YES_AGGRESSIVE;
				GCC_WARN_UNUSED_FUNCTION = YES;
				GCC_WARN_UNUSED_VARIABLE = YES;
				IPHONEOS_DEPLOYMENT_TARGET = 17.2;
				LOCALIZATION_PREFERS_STRING_CATALOGS = YES;
				MTL_ENABLE_DEBUG_INFO = INCLUDE_SOURCE;
				MTL_FAST_MATH = YES;
				ONLY_ACTIVE_ARCH = YES;
				SDKROOT = iphoneos;
				SWIFT_ACTIVE_COMPILATION_CONDITIONS = "DEBUG $(inherited)";
				SWIFT_OPTIMIZATION_LEVEL = "-Onone";
			};
			name = Debug;
		};
		1EB43CC82C3D52CF0008E9C5 /* Release */ = {
			isa = XCBuildConfiguration;
			buildSettings = {
				ALWAYS_SEARCH_USER_PATHS = NO;
				ASSETCATALOG_COMPILER_GENERATE_SWIFT_ASSET_SYMBOL_EXTENSIONS = YES;
				CLANG_ANALYZER_NONNULL = YES;
				CLANG_ANALYZER_NUMBER_OBJECT_CONVERSION = YES_AGGRESSIVE;
				CLANG_CXX_LANGUAGE_STANDARD = "gnu++20";
				CLANG_ENABLE_MODULES = YES;
				CLANG_ENABLE_OBJC_ARC = YES;
				CLANG_ENABLE_OBJC_WEAK = YES;
				CLANG_WARN_BLOCK_CAPTURE_AUTORELEASING = YES;
				CLANG_WARN_BOOL_CONVERSION = YES;
				CLANG_WARN_COMMA = YES;
				CLANG_WARN_CONSTANT_CONVERSION = YES;
				CLANG_WARN_DEPRECATED_OBJC_IMPLEMENTATIONS = YES;
				CLANG_WARN_DIRECT_OBJC_ISA_USAGE = YES_ERROR;
				CLANG_WARN_DOCUMENTATION_COMMENTS = YES;
				CLANG_WARN_EMPTY_BODY = YES;
				CLANG_WARN_ENUM_CONVERSION = YES;
				CLANG_WARN_INFINITE_RECURSION = YES;
				CLANG_WARN_INT_CONVERSION = YES;
				CLANG_WARN_NON_LITERAL_NULL_CONVERSION = YES;
				CLANG_WARN_OBJC_IMPLICIT_RETAIN_SELF = YES;
				CLANG_WARN_OBJC_LITERAL_CONVERSION = YES;
				CLANG_WARN_OBJC_ROOT_CLASS = YES_ERROR;
				CLANG_WARN_QUOTED_INCLUDE_IN_FRAMEWORK_HEADER = YES;
				CLANG_WARN_RANGE_LOOP_ANALYSIS = YES;
				CLANG_WARN_STRICT_PROTOTYPES = YES;
				CLANG_WARN_SUSPICIOUS_MOVE = YES;
				CLANG_WARN_UNGUARDED_AVAILABILITY = YES_AGGRESSIVE;
				CLANG_WARN_UNREACHABLE_CODE = YES;
				CLANG_WARN__DUPLICATE_METHOD_MATCH = YES;
				COPY_PHASE_STRIP = NO;
				DEBUG_INFORMATION_FORMAT = "dwarf-with-dsym";
				ENABLE_NS_ASSERTIONS = NO;
				ENABLE_STRICT_OBJC_MSGSEND = YES;
				ENABLE_USER_SCRIPT_SANDBOXING = YES;
				GCC_C_LANGUAGE_STANDARD = gnu17;
				GCC_NO_COMMON_BLOCKS = YES;
				GCC_WARN_64_TO_32_BIT_CONVERSION = YES;
				GCC_WARN_ABOUT_RETURN_TYPE = YES_ERROR;
				GCC_WARN_UNDECLARED_SELECTOR = YES;
				GCC_WARN_UNINITIALIZED_AUTOS = YES_AGGRESSIVE;
				GCC_WARN_UNUSED_FUNCTION = YES;
				GCC_WARN_UNUSED_VARIABLE = YES;
				IPHONEOS_DEPLOYMENT_TARGET = 17.2;
				LOCALIZATION_PREFERS_STRING_CATALOGS = YES;
				MTL_ENABLE_DEBUG_INFO = NO;
				MTL_FAST_MATH = YES;
				SDKROOT = iphoneos;
				SWIFT_COMPILATION_MODE = wholemodule;
				VALIDATE_PRODUCT = YES;
			};
			name = Release;
		};
		1EB43CCA2C3D52CF0008E9C5 /* Debug */ = {
			isa = XCBuildConfiguration;
			buildSettings = {
				ASSETCATALOG_COMPILER_APPICON_NAME = AppIcon;
				ASSETCATALOG_COMPILER_GLOBAL_ACCENT_COLOR_NAME = AccentColor;
				CODE_SIGN_STYLE = Automatic;
				CURRENT_PROJECT_VERSION = 1;
				DEVELOPMENT_TEAM = A863W62WVD;
				GENERATE_INFOPLIST_FILE = YES;
				INFOPLIST_FILE = WeatherApp/Info.plist;
				INFOPLIST_KEY_UIApplicationSupportsIndirectInputEvents = YES;
				INFOPLIST_KEY_UILaunchStoryboardName = LaunchScreen;
				INFOPLIST_KEY_UIMainStoryboardFile = "";
				INFOPLIST_KEY_UISupportedInterfaceOrientations_iPad = "UIInterfaceOrientationPortrait UIInterfaceOrientationPortraitUpsideDown UIInterfaceOrientationLandscapeLeft UIInterfaceOrientationLandscapeRight";
				INFOPLIST_KEY_UISupportedInterfaceOrientations_iPhone = "UIInterfaceOrientationPortrait UIInterfaceOrientationLandscapeLeft UIInterfaceOrientationLandscapeRight";
				IPHONEOS_DEPLOYMENT_TARGET = 17.2;
				LD_RUNPATH_SEARCH_PATHS = (
					"$(inherited)",
					"@executable_path/Frameworks",
				);
				MARKETING_VERSION = 1.0;
				PRODUCT_BUNDLE_IDENTIFIER = com.emirhanaydin.WeatherApp;
				PRODUCT_NAME = "$(TARGET_NAME)";
				SWIFT_EMIT_LOC_STRINGS = YES;
				SWIFT_VERSION = 5.0;
				TARGETED_DEVICE_FAMILY = "1,2";
			};
			name = Debug;
		};
		1EB43CCB2C3D52CF0008E9C5 /* Release */ = {
			isa = XCBuildConfiguration;
			buildSettings = {
				ASSETCATALOG_COMPILER_APPICON_NAME = AppIcon;
				ASSETCATALOG_COMPILER_GLOBAL_ACCENT_COLOR_NAME = AccentColor;
				CODE_SIGN_STYLE = Automatic;
				CURRENT_PROJECT_VERSION = 1;
				DEVELOPMENT_TEAM = A863W62WVD;
				GENERATE_INFOPLIST_FILE = YES;
				INFOPLIST_FILE = WeatherApp/Info.plist;
				INFOPLIST_KEY_UIApplicationSupportsIndirectInputEvents = YES;
				INFOPLIST_KEY_UILaunchStoryboardName = LaunchScreen;
				INFOPLIST_KEY_UIMainStoryboardFile = "";
				INFOPLIST_KEY_UISupportedInterfaceOrientations_iPad = "UIInterfaceOrientationPortrait UIInterfaceOrientationPortraitUpsideDown UIInterfaceOrientationLandscapeLeft UIInterfaceOrientationLandscapeRight";
				INFOPLIST_KEY_UISupportedInterfaceOrientations_iPhone = "UIInterfaceOrientationPortrait UIInterfaceOrientationLandscapeLeft UIInterfaceOrientationLandscapeRight";
				IPHONEOS_DEPLOYMENT_TARGET = 17.2;
				LD_RUNPATH_SEARCH_PATHS = (
					"$(inherited)",
					"@executable_path/Frameworks",
				);
				MARKETING_VERSION = 1.0;
				PRODUCT_BUNDLE_IDENTIFIER = com.emirhanaydin.WeatherApp;
				PRODUCT_NAME = "$(TARGET_NAME)";
				SWIFT_EMIT_LOC_STRINGS = YES;
				SWIFT_VERSION = 5.0;
				TARGETED_DEVICE_FAMILY = "1,2";
			};
			name = Release;
		};
/* End XCBuildConfiguration section */

/* Begin XCConfigurationList section */
		1EB43CB02C3D52CD0008E9C5 /* Build configuration list for PBXProject "WeatherApp" */ = {
			isa = XCConfigurationList;
			buildConfigurations = (
				1EB43CC72C3D52CF0008E9C5 /* Debug */,
				1EB43CC82C3D52CF0008E9C5 /* Release */,
			);
			defaultConfigurationIsVisible = 0;
			defaultConfigurationName = Release;
		};
		1EB43CC92C3D52CF0008E9C5 /* Build configuration list for PBXNativeTarget "WeatherApp" */ = {
			isa = XCConfigurationList;
			buildConfigurations = (
				1EB43CCA2C3D52CF0008E9C5 /* Debug */,
				1EB43CCB2C3D52CF0008E9C5 /* Release */,
			);
			defaultConfigurationIsVisible = 0;
			defaultConfigurationName = Release;
		};
/* End XCConfigurationList section */

/* Begin XCRemoteSwiftPackageReference section */
		1E47F92D2C528F600077A0DF /* XCRemoteSwiftPackageReference "lottie-ios" */ = {
			isa = XCRemoteSwiftPackageReference;
			repositoryURL = "https://github.com/airbnb/lottie-ios";
			requirement = {
				kind = upToNextMajorVersion;
				minimumVersion = 4.5.0;
			};
		};
		1E99F3322C6A49C000E1B6D0 /* XCRemoteSwiftPackageReference "Alamofire" */ = {
			isa = XCRemoteSwiftPackageReference;
			repositoryURL = "https://github.com/Alamofire/Alamofire";
			requirement = {
				kind = upToNextMajorVersion;
				minimumVersion = 5.9.1;
			};
		};
/* End XCRemoteSwiftPackageReference section */

/* Begin XCSwiftPackageProductDependency section */
		1E47F92E2C528F600077A0DF /* Lottie */ = {
			isa = XCSwiftPackageProductDependency;
			package = 1E47F92D2C528F600077A0DF /* XCRemoteSwiftPackageReference "lottie-ios" */;
			productName = Lottie;
		};
		1E99F3332C6A49C100E1B6D0 /* Alamofire */ = {
			isa = XCSwiftPackageProductDependency;
			package = 1E99F3322C6A49C000E1B6D0 /* XCRemoteSwiftPackageReference "Alamofire" */;
			productName = Alamofire;
		};
/* End XCSwiftPackageProductDependency section */
	};
	rootObject = 1EB43CAD2C3D52CD0008E9C5 /* Project object */;
}
